// !$*UTF8*$!
{
	archiveVersion = 1;
	classes = {
	};
	objectVersion = 50;
	objects = {

/* Begin PBXBuildFile section */
		C4E83FB1266EA538000EE70F /* AppDelegate.swift in Sources */ = {isa = PBXBuildFile; fileRef = C4E83FB0266EA538000EE70F /* AppDelegate.swift */; };
		C4E83FB5266EA538000EE70F /* ViewController.swift in Sources */ = {isa = PBXBuildFile; fileRef = C4E83FB4266EA538000EE70F /* ViewController.swift */; };
		C4E83FB8266EA538000EE70F /* Main.storyboard in Resources */ = {isa = PBXBuildFile; fileRef = C4E83FB6266EA538000EE70F /* Main.storyboard */; };
		C4E83FBA266EA53B000EE70F /* Assets.xcassets in Resources */ = {isa = PBXBuildFile; fileRef = C4E83FB9266EA53B000EE70F /* Assets.xcassets */; };
		C4E83FBD266EA53B000EE70F /* LaunchScreen.storyboard in Resources */ = {isa = PBXBuildFile; fileRef = C4E83FBB266EA53B000EE70F /* LaunchScreen.storyboard */; };
		C4E83FC6266EA65F000EE70F /* Login.storyboard in Resources */ = {isa = PBXBuildFile; fileRef = C4E83FC5266EA65F000EE70F /* Login.storyboard */; };
		C4E83FCA266EA6A7000EE70F /* LoginInteractor.swift in Sources */ = {isa = PBXBuildFile; fileRef = C4E83FC9266EA6A7000EE70F /* LoginInteractor.swift */; };
		C4E83FCD266EA6CF000EE70F /* ConfirmModel.swift in Sources */ = {isa = PBXBuildFile; fileRef = C4E83FCC266EA6CF000EE70F /* ConfirmModel.swift */; };
		C4E83FCF266EA6ED000EE70F /* LoginModel.swift in Sources */ = {isa = PBXBuildFile; fileRef = C4E83FCE266EA6ED000EE70F /* LoginModel.swift */; };
		C4E83FD3266EA72C000EE70F /* LoginViewController.swift in Sources */ = {isa = PBXBuildFile; fileRef = C4E83FD2266EA72C000EE70F /* LoginViewController.swift */; };
		C4E83FD5266EA74D000EE70F /* ConfirmViewController.swift in Sources */ = {isa = PBXBuildFile; fileRef = C4E83FD4266EA74D000EE70F /* ConfirmViewController.swift */; };
		C4E83FD8266EA77E000EE70F /* LoadManager.swift in Sources */ = {isa = PBXBuildFile; fileRef = C4E83FD7266EA77E000EE70F /* LoadManager.swift */; };
		C4E83FDA266EA79C000EE70F /* LocalNotifications.swift in Sources */ = {isa = PBXBuildFile; fileRef = C4E83FD9266EA79C000EE70F /* LocalNotifications.swift */; };
		C4E83FDE266EA7DB000EE70F /* ButtonExtension.swift in Sources */ = {isa = PBXBuildFile; fileRef = C4E83FDD266EA7DB000EE70F /* ButtonExtension.swift */; };
		C4E83FE0266EA7F9000EE70F /* StringExtension.swift in Sources */ = {isa = PBXBuildFile; fileRef = C4E83FDF266EA7F9000EE70F /* StringExtension.swift */; };
		C4E83FE2266EA813000EE70F /* LoginVCExtension.swift in Sources */ = {isa = PBXBuildFile; fileRef = C4E83FE1266EA813000EE70F /* LoginVCExtension.swift */; };
		C4E83FE4266EA830000EE70F /* LabelExtension.swift in Sources */ = {isa = PBXBuildFile; fileRef = C4E83FE3266EA830000EE70F /* LabelExtension.swift */; };
		C4E83FE6266EA846000EE70F /* AppDelegateExtension.swift in Sources */ = {isa = PBXBuildFile; fileRef = C4E83FE5266EA846000EE70F /* AppDelegateExtension.swift */; };
		C4E83FEA266EB4E7000EE70F /* LoginText.swift in Sources */ = {isa = PBXBuildFile; fileRef = C4E83FE9266EB4E7000EE70F /* LoginText.swift */; };
		C4E83FEE266EB7D5000EE70F /* LoginAndConfirmFont in Sources */ = {isa = PBXBuildFile; fileRef = C4E83FED266EB7D5000EE70F /* LoginAndConfirmFont */; };
		C4E83FF0266EC126000EE70F /* TextFont.swift in Sources */ = {isa = PBXBuildFile; fileRef = C4E83FEF266EC126000EE70F /* TextFont.swift */; };
		C4E83FF2266EC1CC000EE70F /* LoginFontSize.swift in Sources */ = {isa = PBXBuildFile; fileRef = C4E83FF1266EC1CC000EE70F /* LoginFontSize.swift */; };
		C4E83FF5266EC405000EE70F /* ColorElements.swift in Sources */ = {isa = PBXBuildFile; fileRef = C4E83FF4266EC405000EE70F /* ColorElements.swift */; };
		C4E83FF7266EC5B5000EE70F /* LoginImages.swift in Sources */ = {isa = PBXBuildFile; fileRef = C4E83FF6266EC5B5000EE70F /* LoginImages.swift */; };
/* End PBXBuildFile section */

/* Begin PBXFileReference section */
		C4E83FAD266EA538000EE70F /* Ride-Foodv02.app */ = {isa = PBXFileReference; explicitFileType = wrapper.application; includeInIndex = 0; path = "Ride-Foodv02.app"; sourceTree = BUILT_PRODUCTS_DIR; };
		C4E83FB0266EA538000EE70F /* AppDelegate.swift */ = {isa = PBXFileReference; lastKnownFileType = sourcecode.swift; path = AppDelegate.swift; sourceTree = "<group>"; };
		C4E83FB4266EA538000EE70F /* ViewController.swift */ = {isa = PBXFileReference; lastKnownFileType = sourcecode.swift; path = ViewController.swift; sourceTree = "<group>"; };
		C4E83FB7266EA538000EE70F /* Base */ = {isa = PBXFileReference; lastKnownFileType = file.storyboard; name = Base; path = Base.lproj/Main.storyboard; sourceTree = "<group>"; };
		C4E83FB9266EA53B000EE70F /* Assets.xcassets */ = {isa = PBXFileReference; lastKnownFileType = folder.assetcatalog; path = Assets.xcassets; sourceTree = "<group>"; };
		C4E83FBC266EA53B000EE70F /* Base */ = {isa = PBXFileReference; lastKnownFileType = file.storyboard; name = Base; path = Base.lproj/LaunchScreen.storyboard; sourceTree = "<group>"; };
		C4E83FBE266EA53B000EE70F /* Info.plist */ = {isa = PBXFileReference; lastKnownFileType = text.plist.xml; path = Info.plist; sourceTree = "<group>"; };
		C4E83FC5266EA65F000EE70F /* Login.storyboard */ = {isa = PBXFileReference; lastKnownFileType = file.storyboard; path = Login.storyboard; sourceTree = "<group>"; };
		C4E83FC9266EA6A7000EE70F /* LoginInteractor.swift */ = {isa = PBXFileReference; lastKnownFileType = sourcecode.swift; path = LoginInteractor.swift; sourceTree = "<group>"; };
		C4E83FCC266EA6CF000EE70F /* ConfirmModel.swift */ = {isa = PBXFileReference; lastKnownFileType = sourcecode.swift; path = ConfirmModel.swift; sourceTree = "<group>"; };
		C4E83FCE266EA6ED000EE70F /* LoginModel.swift */ = {isa = PBXFileReference; lastKnownFileType = sourcecode.swift; path = LoginModel.swift; sourceTree = "<group>"; };
		C4E83FD2266EA72C000EE70F /* LoginViewController.swift */ = {isa = PBXFileReference; lastKnownFileType = sourcecode.swift; path = LoginViewController.swift; sourceTree = "<group>"; };
		C4E83FD4266EA74D000EE70F /* ConfirmViewController.swift */ = {isa = PBXFileReference; lastKnownFileType = sourcecode.swift; path = ConfirmViewController.swift; sourceTree = "<group>"; };
		C4E83FD7266EA77E000EE70F /* LoadManager.swift */ = {isa = PBXFileReference; lastKnownFileType = sourcecode.swift; path = LoadManager.swift; sourceTree = "<group>"; };
		C4E83FD9266EA79C000EE70F /* LocalNotifications.swift */ = {isa = PBXFileReference; lastKnownFileType = sourcecode.swift; path = LocalNotifications.swift; sourceTree = "<group>"; };
		C4E83FDD266EA7DB000EE70F /* ButtonExtension.swift */ = {isa = PBXFileReference; lastKnownFileType = sourcecode.swift; path = ButtonExtension.swift; sourceTree = "<group>"; };
		C4E83FDF266EA7F9000EE70F /* StringExtension.swift */ = {isa = PBXFileReference; lastKnownFileType = sourcecode.swift; path = StringExtension.swift; sourceTree = "<group>"; };
		C4E83FE1266EA813000EE70F /* LoginVCExtension.swift */ = {isa = PBXFileReference; lastKnownFileType = sourcecode.swift; path = LoginVCExtension.swift; sourceTree = "<group>"; };
		C4E83FE3266EA830000EE70F /* LabelExtension.swift */ = {isa = PBXFileReference; lastKnownFileType = sourcecode.swift; path = LabelExtension.swift; sourceTree = "<group>"; };
		C4E83FE5266EA846000EE70F /* AppDelegateExtension.swift */ = {isa = PBXFileReference; lastKnownFileType = sourcecode.swift; path = AppDelegateExtension.swift; sourceTree = "<group>"; };
		C4E83FE9266EB4E7000EE70F /* LoginText.swift */ = {isa = PBXFileReference; lastKnownFileType = sourcecode.swift; path = LoginText.swift; sourceTree = "<group>"; };
		C4E83FED266EB7D5000EE70F /* LoginAndConfirmFont */ = {isa = PBXFileReference; lastKnownFileType = text; path = LoginAndConfirmFont; sourceTree = "<group>"; };
		C4E83FEF266EC126000EE70F /* TextFont.swift */ = {isa = PBXFileReference; lastKnownFileType = sourcecode.swift; path = TextFont.swift; sourceTree = "<group>"; };
		C4E83FF1266EC1CC000EE70F /* LoginFontSize.swift */ = {isa = PBXFileReference; lastKnownFileType = sourcecode.swift; path = LoginFontSize.swift; sourceTree = "<group>"; };
		C4E83FF4266EC405000EE70F /* ColorElements.swift */ = {isa = PBXFileReference; lastKnownFileType = sourcecode.swift; path = ColorElements.swift; sourceTree = "<group>"; };
		C4E83FF6266EC5B5000EE70F /* LoginImages.swift */ = {isa = PBXFileReference; lastKnownFileType = sourcecode.swift; path = LoginImages.swift; sourceTree = "<group>"; };
/* End PBXFileReference section */

/* Begin PBXFrameworksBuildPhase section */
		C4E83FAA266EA538000EE70F /* Frameworks */ = {
			isa = PBXFrameworksBuildPhase;
			buildActionMask = 2147483647;
			files = (
			);
			runOnlyForDeploymentPostprocessing = 0;
		};
/* End PBXFrameworksBuildPhase section */

/* Begin PBXGroup section */
		C4E83FA4266EA538000EE70F = {
			isa = PBXGroup;
			children = (
				C4E83FAF266EA538000EE70F /* Ride-Foodv02 */,
				C4E83FAE266EA538000EE70F /* Products */,
			);
			sourceTree = "<group>";
		};
		C4E83FAE266EA538000EE70F /* Products */ = {
			isa = PBXGroup;
			children = (
				C4E83FAD266EA538000EE70F /* Ride-Foodv02.app */,
			);
			name = Products;
			sourceTree = "<group>";
		};
		C4E83FAF266EA538000EE70F /* Ride-Foodv02 */ = {
			isa = PBXGroup;
			children = (
				C4E83FC7266EA680000EE70F /* Interactors */,
				C4E83FCB266EA6BD000EE70F /* Models */,
				C4E83FD6266EA76C000EE70F /* Managers */,
				C4E83FD0266EA704000EE70F /* ViewControllers */,
				C4E83FDB266EA7BF000EE70F /* Helpers */,
				C4E83FC4266EA63B000EE70F /* StoryBoards */,
				C4E83FE7266EA863000EE70F /* Others */,
				C4E83FBE266EA53B000EE70F /* Info.plist */,
			);
			path = "Ride-Foodv02";
			sourceTree = "<group>";
		};
		C4E83FC4266EA63B000EE70F /* StoryBoards */ = {
			isa = PBXGroup;
			children = (
				C4E83FB6266EA538000EE70F /* Main.storyboard */,
				C4E83FC5266EA65F000EE70F /* Login.storyboard */,
			);
			path = StoryBoards;
			sourceTree = "<group>";
		};
		C4E83FC7266EA680000EE70F /* Interactors */ = {
			isa = PBXGroup;
			children = (
				C4E83FC8266EA692000EE70F /* Login */,
			);
			path = Interactors;
			sourceTree = "<group>";
		};
		C4E83FC8266EA692000EE70F /* Login */ = {
			isa = PBXGroup;
			children = (
				C4E83FC9266EA6A7000EE70F /* LoginInteractor.swift */,
			);
			path = Login;
			sourceTree = "<group>";
		};
		C4E83FCB266EA6BD000EE70F /* Models */ = {
			isa = PBXGroup;
			children = (
				C4E83FCC266EA6CF000EE70F /* ConfirmModel.swift */,
				C4E83FCE266EA6ED000EE70F /* LoginModel.swift */,
			);
			path = Models;
			sourceTree = "<group>";
		};
		C4E83FD0266EA704000EE70F /* ViewControllers */ = {
			isa = PBXGroup;
			children = (
				C4E83FD1266EA70F000EE70F /* Login */,
			);
			path = ViewControllers;
			sourceTree = "<group>";
		};
		C4E83FD1266EA70F000EE70F /* Login */ = {
			isa = PBXGroup;
			children = (
				C4E83FD2266EA72C000EE70F /* LoginViewController.swift */,
				C4E83FD4266EA74D000EE70F /* ConfirmViewController.swift */,
			);
			path = Login;
			sourceTree = "<group>";
		};
		C4E83FD6266EA76C000EE70F /* Managers */ = {
			isa = PBXGroup;
			children = (
				C4E83FD7266EA77E000EE70F /* LoadManager.swift */,
				C4E83FD9266EA79C000EE70F /* LocalNotifications.swift */,
			);
			path = Managers;
			sourceTree = "<group>";
		};
		C4E83FDB266EA7BF000EE70F /* Helpers */ = {
			isa = PBXGroup;
			children = (
				C4E83FF3266EC3A8000EE70F /* Colors */,
				C4E83FEC266EB7A1000EE70F /* Images */,
				C4E83FEB266EB798000EE70F /* Fonts */,
				C4E83FE8266EB492000EE70F /* Texts */,
				C4E83FDC266EA7C6000EE70F /* Extensions */,
			);
			path = Helpers;
			sourceTree = "<group>";
		};
		C4E83FDC266EA7C6000EE70F /* Extensions */ = {
			isa = PBXGroup;
			children = (
				C4E83FDD266EA7DB000EE70F /* ButtonExtension.swift */,
				C4E83FDF266EA7F9000EE70F /* StringExtension.swift */,
				C4E83FE1266EA813000EE70F /* LoginVCExtension.swift */,
				C4E83FE3266EA830000EE70F /* LabelExtension.swift */,
				C4E83FE5266EA846000EE70F /* AppDelegateExtension.swift */,
			);
			path = Extensions;
			sourceTree = "<group>";
		};
		C4E83FE7266EA863000EE70F /* Others */ = {
			isa = PBXGroup;
			children = (
				C4E83FB9266EA53B000EE70F /* Assets.xcassets */,
				C4E83FB0266EA538000EE70F /* AppDelegate.swift */,
				C4E83FB4266EA538000EE70F /* ViewController.swift */,
				C4E83FBB266EA53B000EE70F /* LaunchScreen.storyboard */,
			);
			path = Others;
			sourceTree = "<group>";
		};
		C4E83FE8266EB492000EE70F /* Texts */ = {
			isa = PBXGroup;
			children = (
				C4E83FE9266EB4E7000EE70F /* LoginText.swift */,
			);
			path = Texts;
			sourceTree = "<group>";
		};
		C4E83FEB266EB798000EE70F /* Fonts */ = {
			isa = PBXGroup;
			children = (
				C4E83FED266EB7D5000EE70F /* LoginAndConfirmFont */,
				C4E83FEF266EC126000EE70F /* TextFont.swift */,
				C4E83FF1266EC1CC000EE70F /* LoginFontSize.swift */,
			);
			path = Fonts;
			sourceTree = "<group>";
		};
		C4E83FEC266EB7A1000EE70F /* Images */ = {
			isa = PBXGroup;
			children = (
				C4E83FF6266EC5B5000EE70F /* LoginImages.swift */,
			);
			path = Images;
			sourceTree = "<group>";
		};
		C4E83FF3266EC3A8000EE70F /* Colors */ = {
			isa = PBXGroup;
			children = (
				C4E83FF4266EC405000EE70F /* ColorElements.swift */,
			);
			path = Colors;
			sourceTree = "<group>";
		};
/* End PBXGroup section */

/* Begin PBXNativeTarget section */
		C4E83FAC266EA538000EE70F /* Ride-Foodv02 */ = {
			isa = PBXNativeTarget;
			buildConfigurationList = C4E83FC1266EA53B000EE70F /* Build configuration list for PBXNativeTarget "Ride-Foodv02" */;
			buildPhases = (
				C4E83FA9266EA538000EE70F /* Sources */,
				C4E83FAA266EA538000EE70F /* Frameworks */,
				C4E83FAB266EA538000EE70F /* Resources */,
			);
			buildRules = (
			);
			dependencies = (
			);
			name = "Ride-Foodv02";
			productName = "Ride-Foodv02";
			productReference = C4E83FAD266EA538000EE70F /* Ride-Foodv02.app */;
			productType = "com.apple.product-type.application";
		};
/* End PBXNativeTarget section */

/* Begin PBXProject section */
		C4E83FA5266EA538000EE70F /* Project object */ = {
			isa = PBXProject;
			attributes = {
				LastSwiftUpdateCheck = 1250;
				LastUpgradeCheck = 1250;
				TargetAttributes = {
					C4E83FAC266EA538000EE70F = {
						CreatedOnToolsVersion = 12.5;
					};
				};
			};
			buildConfigurationList = C4E83FA8266EA538000EE70F /* Build configuration list for PBXProject "Ride-Foodv02" */;
			compatibilityVersion = "Xcode 9.3";
			developmentRegion = en;
			hasScannedForEncodings = 0;
			knownRegions = (
				en,
				Base,
			);
			mainGroup = C4E83FA4266EA538000EE70F;
			productRefGroup = C4E83FAE266EA538000EE70F /* Products */;
			projectDirPath = "";
			projectRoot = "";
			targets = (
				C4E83FAC266EA538000EE70F /* Ride-Foodv02 */,
			);
		};
/* End PBXProject section */

/* Begin PBXResourcesBuildPhase section */
		C4E83FAB266EA538000EE70F /* Resources */ = {
			isa = PBXResourcesBuildPhase;
			buildActionMask = 2147483647;
			files = (
				C4E83FC6266EA65F000EE70F /* Login.storyboard in Resources */,
				C4E83FBD266EA53B000EE70F /* LaunchScreen.storyboard in Resources */,
				C4E83FBA266EA53B000EE70F /* Assets.xcassets in Resources */,
				C4E83FB8266EA538000EE70F /* Main.storyboard in Resources */,
			);
			runOnlyForDeploymentPostprocessing = 0;
		};
/* End PBXResourcesBuildPhase section */

/* Begin PBXSourcesBuildPhase section */
		C4E83FA9266EA538000EE70F /* Sources */ = {
			isa = PBXSourcesBuildPhase;
			buildActionMask = 2147483647;
			files = (
				C4E83FE4266EA830000EE70F /* LabelExtension.swift in Sources */,
				C4E83FDE266EA7DB000EE70F /* ButtonExtension.swift in Sources */,
				C4E83FF5266EC405000EE70F /* ColorElements.swift in Sources */,
				C4E83FD3266EA72C000EE70F /* LoginViewController.swift in Sources */,
				C4E83FCA266EA6A7000EE70F /* LoginInteractor.swift in Sources */,
				C4E83FCF266EA6ED000EE70F /* LoginModel.swift in Sources */,
				C4E83FEE266EB7D5000EE70F /* LoginAndConfirmFont in Sources */,
				C4E83FD5266EA74D000EE70F /* ConfirmViewController.swift in Sources */,
				C4E83FCD266EA6CF000EE70F /* ConfirmModel.swift in Sources */,
				C4E83FB5266EA538000EE70F /* ViewController.swift in Sources */,
				C4E83FEA266EB4E7000EE70F /* LoginText.swift in Sources */,
				C4E83FF0266EC126000EE70F /* TextFont.swift in Sources */,
				C4E83FF2266EC1CC000EE70F /* LoginFontSize.swift in Sources */,
				C4E83FB1266EA538000EE70F /* AppDelegate.swift in Sources */,
				C4E83FE2266EA813000EE70F /* LoginVCExtension.swift in Sources */,
				C4E83FE0266EA7F9000EE70F /* StringExtension.swift in Sources */,
				C4E83FDA266EA79C000EE70F /* LocalNotifications.swift in Sources */,
				C4E83FE6266EA846000EE70F /* AppDelegateExtension.swift in Sources */,
				C4E83FD8266EA77E000EE70F /* LoadManager.swift in Sources */,
				C4E83FF7266EC5B5000EE70F /* LoginImages.swift in Sources */,
			);
			runOnlyForDeploymentPostprocessing = 0;
		};
/* End PBXSourcesBuildPhase section */

/* Begin PBXVariantGroup section */
		C4E83FB6266EA538000EE70F /* Main.storyboard */ = {
			isa = PBXVariantGroup;
			children = (
				C4E83FB7266EA538000EE70F /* Base */,
			);
			name = Main.storyboard;
			sourceTree = "<group>";
		};
		C4E83FBB266EA53B000EE70F /* LaunchScreen.storyboard */ = {
			isa = PBXVariantGroup;
			children = (
				C4E83FBC266EA53B000EE70F /* Base */,
			);
			name = LaunchScreen.storyboard;
			sourceTree = "<group>";
		};
/* End PBXVariantGroup section */

/* Begin XCBuildConfiguration section */
		C4E83FBF266EA53B000EE70F /* Debug */ = {
			isa = XCBuildConfiguration;
			buildSettings = {
				ALWAYS_SEARCH_USER_PATHS = NO;
				CLANG_ANALYZER_NONNULL = YES;
				CLANG_ANALYZER_NUMBER_OBJECT_CONVERSION = YES_AGGRESSIVE;
				CLANG_CXX_LANGUAGE_STANDARD = "gnu++14";
				CLANG_CXX_LIBRARY = "libc++";
				CLANG_ENABLE_MODULES = YES;
				CLANG_ENABLE_OBJC_ARC = YES;
				CLANG_ENABLE_OBJC_WEAK = YES;
				CLANG_WARN_BLOCK_CAPTURE_AUTORELEASING = YES;
				CLANG_WARN_BOOL_CONVERSION = YES;
				CLANG_WARN_COMMA = YES;
				CLANG_WARN_CONSTANT_CONVERSION = YES;
				CLANG_WARN_DEPRECATED_OBJC_IMPLEMENTATIONS = YES;
				CLANG_WARN_DIRECT_OBJC_ISA_USAGE = YES_ERROR;
				CLANG_WARN_DOCUMENTATION_COMMENTS = YES;
				CLANG_WARN_EMPTY_BODY = YES;
				CLANG_WARN_ENUM_CONVERSION = YES;
				CLANG_WARN_INFINITE_RECURSION = YES;
				CLANG_WARN_INT_CONVERSION = YES;
				CLANG_WARN_NON_LITERAL_NULL_CONVERSION = YES;
				CLANG_WARN_OBJC_IMPLICIT_RETAIN_SELF = YES;
				CLANG_WARN_OBJC_LITERAL_CONVERSION = YES;
				CLANG_WARN_OBJC_ROOT_CLASS = YES_ERROR;
				CLANG_WARN_QUOTED_INCLUDE_IN_FRAMEWORK_HEADER = YES;
				CLANG_WARN_RANGE_LOOP_ANALYSIS = YES;
				CLANG_WARN_STRICT_PROTOTYPES = YES;
				CLANG_WARN_SUSPICIOUS_MOVE = YES;
				CLANG_WARN_UNGUARDED_AVAILABILITY = YES_AGGRESSIVE;
				CLANG_WARN_UNREACHABLE_CODE = YES;
				CLANG_WARN__DUPLICATE_METHOD_MATCH = YES;
				COPY_PHASE_STRIP = NO;
				DEBUG_INFORMATION_FORMAT = dwarf;
				ENABLE_STRICT_OBJC_MSGSEND = YES;
				ENABLE_TESTABILITY = YES;
				GCC_C_LANGUAGE_STANDARD = gnu11;
				GCC_DYNAMIC_NO_PIC = NO;
				GCC_NO_COMMON_BLOCKS = YES;
				GCC_OPTIMIZATION_LEVEL = 0;
				GCC_PREPROCESSOR_DEFINITIONS = (
					"DEBUG=1",
					"$(inherited)",
				);
				GCC_WARN_64_TO_32_BIT_CONVERSION = YES;
				GCC_WARN_ABOUT_RETURN_TYPE = YES_ERROR;
				GCC_WARN_UNDECLARED_SELECTOR = YES;
				GCC_WARN_UNINITIALIZED_AUTOS = YES_AGGRESSIVE;
				GCC_WARN_UNUSED_FUNCTION = YES;
				GCC_WARN_UNUSED_VARIABLE = YES;
				IPHONEOS_DEPLOYMENT_TARGET = 14.5;
				MTL_ENABLE_DEBUG_INFO = INCLUDE_SOURCE;
				MTL_FAST_MATH = YES;
				ONLY_ACTIVE_ARCH = YES;
				SDKROOT = iphoneos;
				SWIFT_ACTIVE_COMPILATION_CONDITIONS = DEBUG;
				SWIFT_OPTIMIZATION_LEVEL = "-Onone";
			};
			name = Debug;
		};
		C4E83FC0266EA53B000EE70F /* Release */ = {
			isa = XCBuildConfiguration;
			buildSettings = {
				ALWAYS_SEARCH_USER_PATHS = NO;
				CLANG_ANALYZER_NONNULL = YES;
				CLANG_ANALYZER_NUMBER_OBJECT_CONVERSION = YES_AGGRESSIVE;
				CLANG_CXX_LANGUAGE_STANDARD = "gnu++14";
				CLANG_CXX_LIBRARY = "libc++";
				CLANG_ENABLE_MODULES = YES;
				CLANG_ENABLE_OBJC_ARC = YES;
				CLANG_ENABLE_OBJC_WEAK = YES;
				CLANG_WARN_BLOCK_CAPTURE_AUTORELEASING = YES;
				CLANG_WARN_BOOL_CONVERSION = YES;
				CLANG_WARN_COMMA = YES;
				CLANG_WARN_CONSTANT_CONVERSION = YES;
				CLANG_WARN_DEPRECATED_OBJC_IMPLEMENTATIONS = YES;
				CLANG_WARN_DIRECT_OBJC_ISA_USAGE = YES_ERROR;
				CLANG_WARN_DOCUMENTATION_COMMENTS = YES;
				CLANG_WARN_EMPTY_BODY = YES;
				CLANG_WARN_ENUM_CONVERSION = YES;
				CLANG_WARN_INFINITE_RECURSION = YES;
				CLANG_WARN_INT_CONVERSION = YES;
				CLANG_WARN_NON_LITERAL_NULL_CONVERSION = YES;
				CLANG_WARN_OBJC_IMPLICIT_RETAIN_SELF = YES;
				CLANG_WARN_OBJC_LITERAL_CONVERSION = YES;
				CLANG_WARN_OBJC_ROOT_CLASS = YES_ERROR;
				CLANG_WARN_QUOTED_INCLUDE_IN_FRAMEWORK_HEADER = YES;
				CLANG_WARN_RANGE_LOOP_ANALYSIS = YES;
				CLANG_WARN_STRICT_PROTOTYPES = YES;
				CLANG_WARN_SUSPICIOUS_MOVE = YES;
				CLANG_WARN_UNGUARDED_AVAILABILITY = YES_AGGRESSIVE;
				CLANG_WARN_UNREACHABLE_CODE = YES;
				CLANG_WARN__DUPLICATE_METHOD_MATCH = YES;
				COPY_PHASE_STRIP = NO;
				DEBUG_INFORMATION_FORMAT = "dwarf-with-dsym";
				ENABLE_NS_ASSERTIONS = NO;
				ENABLE_STRICT_OBJC_MSGSEND = YES;
				GCC_C_LANGUAGE_STANDARD = gnu11;
				GCC_NO_COMMON_BLOCKS = YES;
				GCC_WARN_64_TO_32_BIT_CONVERSION = YES;
				GCC_WARN_ABOUT_RETURN_TYPE = YES_ERROR;
				GCC_WARN_UNDECLARED_SELECTOR = YES;
				GCC_WARN_UNINITIALIZED_AUTOS = YES_AGGRESSIVE;
				GCC_WARN_UNUSED_FUNCTION = YES;
				GCC_WARN_UNUSED_VARIABLE = YES;
				IPHONEOS_DEPLOYMENT_TARGET = 14.5;
				MTL_ENABLE_DEBUG_INFO = NO;
				MTL_FAST_MATH = YES;
				SDKROOT = iphoneos;
				SWIFT_COMPILATION_MODE = wholemodule;
				SWIFT_OPTIMIZATION_LEVEL = "-O";
				VALIDATE_PRODUCT = YES;
			};
			name = Release;
		};
		C4E83FC2266EA53B000EE70F /* Debug */ = {
			isa = XCBuildConfiguration;
			buildSettings = {
				ASSETCATALOG_COMPILER_APPICON_NAME = AppIcon;
				ASSETCATALOG_COMPILER_GLOBAL_ACCENT_COLOR_NAME = AccentColor;
				CODE_SIGN_STYLE = Automatic;
				DEVELOPMENT_TEAM = 223988V24V;
				INFOPLIST_FILE = "Ride-Foodv02/Info.plist";
				IPHONEOS_DEPLOYMENT_TARGET = 11.0;
				LD_RUNPATH_SEARCH_PATHS = (
					"$(inherited)",
					"@executable_path/Frameworks",
				);
				PRODUCT_BUNDLE_IDENTIFIER = "SkillboxComandDiplom.Ride-food";
				PRODUCT_NAME = "$(TARGET_NAME)";
				SWIFT_VERSION = 5.0;
				TARGETED_DEVICE_FAMILY = "1,2";
			};
			name = Debug;
		};
		C4E83FC3266EA53B000EE70F /* Release */ = {
			isa = XCBuildConfiguration;
			buildSettings = {
				ASSETCATALOG_COMPILER_APPICON_NAME = AppIcon;
				ASSETCATALOG_COMPILER_GLOBAL_ACCENT_COLOR_NAME = AccentColor;
				CODE_SIGN_STYLE = Automatic;
				DEVELOPMENT_TEAM = 223988V24V;
				INFOPLIST_FILE = "Ride-Foodv02/Info.plist";
				IPHONEOS_DEPLOYMENT_TARGET = 11.0;
				LD_RUNPATH_SEARCH_PATHS = (
					"$(inherited)",
					"@executable_path/Frameworks",
				);
				PRODUCT_BUNDLE_IDENTIFIER = "SkillboxComandDiplom.Ride-food";
				PRODUCT_NAME = "$(TARGET_NAME)";
				SWIFT_VERSION = 5.0;
				TARGETED_DEVICE_FAMILY = "1,2";
			};
			name = Release;
		};
/* End XCBuildConfiguration section */

/* Begin XCConfigurationList section */
		C4E83FA8266EA538000EE70F /* Build configuration list for PBXProject "Ride-Foodv02" */ = {
			isa = XCConfigurationList;
			buildConfigurations = (
				C4E83FBF266EA53B000EE70F /* Debug */,
				C4E83FC0266EA53B000EE70F /* Release */,
			);
			defaultConfigurationIsVisible = 0;
			defaultConfigurationName = Release;
		};
		C4E83FC1266EA53B000EE70F /* Build configuration list for PBXNativeTarget "Ride-Foodv02" */ = {
			isa = XCConfigurationList;
			buildConfigurations = (
				C4E83FC2266EA53B000EE70F /* Debug */,
				C4E83FC3266EA53B000EE70F /* Release */,
			);
			defaultConfigurationIsVisible = 0;
			defaultConfigurationName = Release;
		};
/* End XCConfigurationList section */
	};
	rootObject = C4E83FA5266EA538000EE70F /* Project object */;
}
